
Microsoft Visual Studio Solution File, Format Version 12.00
Project("{FAE04EC0-301F-11D3-BF4B-00C04F79EFBC}") = "AutoUml", "AutoUml\AutoUml.csproj", "{44B740A9-9281-4F77-A0CC-B51F95F687A2}"
EndProject
Project("{FAE04EC0-301F-11D3-BF4B-00C04F79EFBC}") = "AutoUml.SampleApp", "AutoUml.SampleApp\AutoUml.SampleApp.csproj", "{3458B14F-53BC-43D3-9B9B-AAE9BF8BA105}"
EndProject
Global
	GlobalSection(SolutionConfigurationPlatforms) = preSolution
		Debug|Any CPU = Debug|Any CPU
		Release|Any CPU = Release|Any CPU
	EndGlobalSection
	GlobalSection(ProjectConfigurationPlatforms) = postSolution
		{44B740A9-9281-4F77-A0CC-B51F95F687A2}.Debug|Any CPU.ActiveCfg = Debug|Any CPU
		{44B740A9-9281-4F77-A0CC-B51F95F687A2}.Debug|Any CPU.Build.0 = Debug|Any CPU
		{44B740A9-9281-4F77-A0CC-B51F95F687A2}.Release|Any CPU.ActiveCfg = Release|Any CPU
		{44B740A9-9281-4F77-A0CC-B51F95F687A2}.Release|Any CPU.Build.0 = Release|Any CPU
		{3458B14F-53BC-43D3-9B9B-AAE9BF8BA105}.Debug|Any CPU.ActiveCfg = Debug|Any CPU
		{3458B14F-53BC-43D3-9B9B-AAE9BF8BA105}.Debug|Any CPU.Build.0 = Debug|Any CPU
		{3458B14F-53BC-43D3-9B9B-AAE9BF8BA105}.Release|Any CPU.ActiveCfg = Release|Any CPU
		{3458B14F-53BC-43D3-9B9B-AAE9BF8BA105}.Release|Any CPU.Build.0 = Release|Any CPU
	EndGlobalSection
EndGlobal
